
Microsoft Visual Studio Solution File, Format Version 12.00
# Visual Studio Version 17
VisualStudioVersion = 17.10.35122.118
MinimumVisualStudioVersion = 10.0.40219.1
Project("{888888A0-9F3D-457C-B088-3A5042F75D52}") = "Modulo6", "Modulo6.pyproj", "{7003A3AE-AC71-4143-878D-0EF3B231EA26}"
EndProject
Global
	GlobalSection(SolutionConfigurationPlatforms) = preSolution
		Debug|Any CPU = Debug|Any CPU
		Release|Any CPU = Release|Any CPU
	EndGlobalSection
	GlobalSection(ProjectConfigurationPlatforms) = postSolution
		{7003A3AE-AC71-4143-878D-0EF3B231EA26}.Debug|Any CPU.ActiveCfg = Debug|Any CPU
		{7003A3AE-AC71-4143-878D-0EF3B231EA26}.Release|Any CPU.ActiveCfg = Release|Any CPU
	EndGlobalSection
	GlobalSection(SolutionProperties) = preSolution
		HideSolutionNode = FALSE
	EndGlobalSection
	GlobalSection(ExtensibilityGlobals) = postSolution
		SolutionGuid = {DC484947-DB44-48CD-8351-0DB18BEF3BBC}
	EndGlobalSection
EndGlobal
